
Microsoft Visual Studio Solution File, Format Version 12.00
# Visual Studio Version 16
VisualStudioVersion = 16.0.30114.105
MinimumVisualStudioVersion = 10.0.40219.1
Project("{FAE04EC0-301F-11D3-BF4B-00C04F79EFBC}") = "Zoologico", "Zoologico\Zoologico.csproj", "{7685DAD9-E365-42E6-96EA-7785D63DD029}"
EndProject
Project("{FAE04EC0-301F-11D3-BF4B-00C04F79EFBC}") = "Calculadora", "Calculadora\Calculadora.csproj", "{0B28B3D8-17A5-44E8-AF0B-ACDD04024F39}"
EndProject
Project("{FAE04EC0-301F-11D3-BF4B-00C04F79EFBC}") = "Venda", "Venda\Venda.csproj", "{E7F7FBC9-0B43-491D-B771-9898C65DA59D}"
EndProject
Global
	GlobalSection(SolutionConfigurationPlatforms) = preSolution
		Debug|Any CPU = Debug|Any CPU
		Release|Any CPU = Release|Any CPU
	EndGlobalSection
	GlobalSection(SolutionProperties) = preSolution
		HideSolutionNode = FALSE
	EndGlobalSection
	GlobalSection(ProjectConfigurationPlatforms) = postSolution
		{7685DAD9-E365-42E6-96EA-7785D63DD029}.Debug|Any CPU.ActiveCfg = Debug|Any CPU
		{7685DAD9-E365-42E6-96EA-7785D63DD029}.Debug|Any CPU.Build.0 = Debug|Any CPU
		{7685DAD9-E365-42E6-96EA-7785D63DD029}.Release|Any CPU.ActiveCfg = Release|Any CPU
		{7685DAD9-E365-42E6-96EA-7785D63DD029}.Release|Any CPU.Build.0 = Release|Any CPU
		{0B28B3D8-17A5-44E8-AF0B-ACDD04024F39}.Debug|Any CPU.ActiveCfg = Debug|Any CPU
		{0B28B3D8-17A5-44E8-AF0B-ACDD04024F39}.Debug|Any CPU.Build.0 = Debug|Any CPU
		{0B28B3D8-17A5-44E8-AF0B-ACDD04024F39}.Release|Any CPU.ActiveCfg = Release|Any CPU
		{0B28B3D8-17A5-44E8-AF0B-ACDD04024F39}.Release|Any CPU.Build.0 = Release|Any CPU
		{E7F7FBC9-0B43-491D-B771-9898C65DA59D}.Debug|Any CPU.ActiveCfg = Debug|Any CPU
		{E7F7FBC9-0B43-491D-B771-9898C65DA59D}.Debug|Any CPU.Build.0 = Debug|Any CPU
		{E7F7FBC9-0B43-491D-B771-9898C65DA59D}.Release|Any CPU.ActiveCfg = Release|Any CPU
		{E7F7FBC9-0B43-491D-B771-9898C65DA59D}.Release|Any CPU.Build.0 = Release|Any CPU
	EndGlobalSection
EndGlobal
