
Microsoft Visual Studio Solution File, Format Version 12.00
# Visual Studio Version 17
VisualStudioVersion = 17.1.32228.430
MinimumVisualStudioVersion = 10.0.40219.1
Project("{FAE04EC0-301F-11D3-BF4B-00C04F79EFBC}") = "Aula8", "Aula8.csproj", "{FE0411D2-D18F-4C36-9423-804E939437A1}"
EndProject
Global
	GlobalSection(SolutionConfigurationPlatforms) = preSolution
		Debug|Any CPU = Debug|Any CPU
		Release|Any CPU = Release|Any CPU
	EndGlobalSection
	GlobalSection(ProjectConfigurationPlatforms) = postSolution
		{FE0411D2-D18F-4C36-9423-804E939437A1}.Debug|Any CPU.ActiveCfg = Debug|Any CPU
		{FE0411D2-D18F-4C36-9423-804E939437A1}.Debug|Any CPU.Build.0 = Debug|Any CPU
		{FE0411D2-D18F-4C36-9423-804E939437A1}.Release|Any CPU.ActiveCfg = Release|Any CPU
		{FE0411D2-D18F-4C36-9423-804E939437A1}.Release|Any CPU.Build.0 = Release|Any CPU
	EndGlobalSection
	GlobalSection(SolutionProperties) = preSolution
		HideSolutionNode = FALSE
	EndGlobalSection
	GlobalSection(ExtensibilityGlobals) = postSolution
		SolutionGuid = {A7679AF7-C16C-4319-B36A-94259F2A63B5}
	EndGlobalSection
EndGlobal
