
Microsoft Visual Studio Solution File, Format Version 12.00
# Visual Studio Version 17
VisualStudioVersion = 17.1.32228.430
MinimumVisualStudioVersion = 10.0.40219.1
Project("{FAE04EC0-301F-11D3-BF4B-00C04F79EFBC}") = "AULA6VS", "AULA6VS.csproj", "{D162AC07-D61E-48FE-ABEA-9B1DF2A223D6}"
EndProject
Global
	GlobalSection(SolutionConfigurationPlatforms) = preSolution
		Debug|Any CPU = Debug|Any CPU
		Release|Any CPU = Release|Any CPU
	EndGlobalSection
	GlobalSection(ProjectConfigurationPlatforms) = postSolution
		{D162AC07-D61E-48FE-ABEA-9B1DF2A223D6}.Debug|Any CPU.ActiveCfg = Debug|Any CPU
		{D162AC07-D61E-48FE-ABEA-9B1DF2A223D6}.Debug|Any CPU.Build.0 = Debug|Any CPU
		{D162AC07-D61E-48FE-ABEA-9B1DF2A223D6}.Release|Any CPU.ActiveCfg = Release|Any CPU
		{D162AC07-D61E-48FE-ABEA-9B1DF2A223D6}.Release|Any CPU.Build.0 = Release|Any CPU
	EndGlobalSection
	GlobalSection(SolutionProperties) = preSolution
		HideSolutionNode = FALSE
	EndGlobalSection
	GlobalSection(ExtensibilityGlobals) = postSolution
		SolutionGuid = {14D738E3-BFE5-4E1F-A4D5-1DE7D263FCD6}
	EndGlobalSection
EndGlobal
